<Solution>
  <Folder Name="/src/">
    <Project Path="src/Sphere.Gateway/Sphere.Gateway.csproj" Id="a20ab43b-c524-4f83-80fb-a315735d2f12" />
    <Project Path="src/Sphere.Host/Sphere.Host.csproj" Id="43ffb1af-d768-47b8-bcbb-3b6f33c4048a" />
    <Project Path="src/Sphere.ServiceDefaults/Sphere.ServiceDefaults.csproj" Id="baa4bc55-959d-4f89-bb9a-177c2c9f00f3" />
  </Folder>
  <Folder Name="/src/Basket/">
    <Project Path="src/Basket/Sphere.Basket.Service/Sphere.Basket.Service.csproj" Id="06e6151a-6d8d-4c20-aa8c-e00e35d0f469" />
    <Project Path="src/Basket/Sphere.Basket/Sphere.Basket.csproj" Id="4c56cae6-5062-452f-87f3-aafd1ec83cdd" />
  </Folder>
  <Folder Name="/src/Catalog/">
    <Project Path="src/Catalog/Sphere.Catalog.Service/Sphere.Catalog.Service.csproj" Id="438087a4-f5c6-4a38-a115-992eeaab43b6" />
    <Project Path="src/Catalog/Sphere.Catalog/Sphere.Catalog.csproj" Id="65acff80-ef46-472b-9900-c52932225354" />
  </Folder>
  <Folder Name="/src/Ordering/">
    <Project Path="src/Ordering/Sphere.Ordering.Service/Sphere.Ordering.Service.csproj" Id="03404ef9-d4aa-4482-b9c7-c04ad84d4354" />
    <Project Path="src/Ordering/Sphere.Ordering/Sphere.Ordering.csproj" Id="c45f59f6-c04b-4777-b79e-cb9fbcfa602e" />
  </Folder>
  <Folder Name="/tests/">
    <Project Path="tests/Sphere.Catalog.Tests/Sphere.Catalog.Tests.csproj" Id="9ad129d9-1800-422d-a765-03f9d5e9a9c0" />
    <Project Path="tests/Sphere.Integration.Tests/Sphere.Integration.Tests.csproj" Id="f477b6e8-ed63-4978-a1fa-81ce56b5dfd5" />
    <Project Path="tests/Sphere.Ordering.Tests/Sphere.Ordering.Tests.csproj" Id="f96c222d-16fc-482f-860d-bf420962507f" />
  </Folder>
  <Project Path="docker-compose.dcproj">
    <Build />
  </Project>
</Solution>
